
Microsoft Visual Studio Solution File, Format Version 12.00
# Visual Studio Version 17
VisualStudioVersion = 17.4.33103.184
MinimumVisualStudioVersion = 10.0.40219.1
Project("{9A19103F-16F7-4668-BE54-9A1E7A4F7556}") = "QuickPollUI", "QuickPollUI\QuickPollUI.csproj", "{7323BCB0-CC41-406E-818D-29BC4932E753}"
EndProject
Project("{9A19103F-16F7-4668-BE54-9A1E7A4F7556}") = "QuickPollLibrary", "QuickPollLibrary\QuickPollLibrary.csproj", "{62D18168-7A04-472D-8852-8E645C232DEA}"
EndProject
Project("{FAE04EC0-301F-11D3-BF4B-00C04F79EFBC}") = "QuickPollTests", "QuickPollTests\QuickPollTests.csproj", "{D9CF7527-6210-4F4D-A2C5-D5680F423258}"
EndProject
Global
	GlobalSection(SolutionConfigurationPlatforms) = preSolution
		Debug|Any CPU = Debug|Any CPU
		Release|Any CPU = Release|Any CPU
	EndGlobalSection
	GlobalSection(ProjectConfigurationPlatforms) = postSolution
		{7323BCB0-CC41-406E-818D-29BC4932E753}.Debug|Any CPU.ActiveCfg = Debug|Any CPU
		{7323BCB0-CC41-406E-818D-29BC4932E753}.Debug|Any CPU.Build.0 = Debug|Any CPU
		{7323BCB0-CC41-406E-818D-29BC4932E753}.Release|Any CPU.ActiveCfg = Release|Any CPU
		{7323BCB0-CC41-406E-818D-29BC4932E753}.Release|Any CPU.Build.0 = Release|Any CPU
		{62D18168-7A04-472D-8852-8E645C232DEA}.Debug|Any CPU.ActiveCfg = Debug|Any CPU
		{62D18168-7A04-472D-8852-8E645C232DEA}.Debug|Any CPU.Build.0 = Debug|Any CPU
		{62D18168-7A04-472D-8852-8E645C232DEA}.Release|Any CPU.ActiveCfg = Release|Any CPU
		{62D18168-7A04-472D-8852-8E645C232DEA}.Release|Any CPU.Build.0 = Release|Any CPU
		{D9CF7527-6210-4F4D-A2C5-D5680F423258}.Debug|Any CPU.ActiveCfg = Debug|Any CPU
		{D9CF7527-6210-4F4D-A2C5-D5680F423258}.Debug|Any CPU.Build.0 = Debug|Any CPU
		{D9CF7527-6210-4F4D-A2C5-D5680F423258}.Release|Any CPU.ActiveCfg = Release|Any CPU
		{D9CF7527-6210-4F4D-A2C5-D5680F423258}.Release|Any CPU.Build.0 = Release|Any CPU
	EndGlobalSection
	GlobalSection(SolutionProperties) = preSolution
		HideSolutionNode = FALSE
	EndGlobalSection
	GlobalSection(ExtensibilityGlobals) = postSolution
		SolutionGuid = {C1AACEDA-769F-4C66-8073-3F230755FA83}
	EndGlobalSection
EndGlobal
